// !$*UTF8*$!
{
	archiveVersion = 1;
	classes = {
	};
	objectVersion = 46;
	objects = {

/* Begin PBXBuildFile section */
		A5B229C81F8441E8009FF359 /* AppDelegate.swift in Sources */ = {isa = PBXBuildFile; fileRef = A5B229C71F8441E8009FF359 /* AppDelegate.swift */; };
		A5B229CA1F8441E8009FF359 /* ViewController.swift in Sources */ = {isa = PBXBuildFile; fileRef = A5B229C91F8441E8009FF359 /* ViewController.swift */; };
		A5B229CD1F8441E8009FF359 /* Main.storyboard in Resources */ = {isa = PBXBuildFile; fileRef = A5B229CB1F8441E8009FF359 /* Main.storyboard */; };
		A5B229D01F8441E8009FF359 /* Chess.xcdatamodeld in Sources */ = {isa = PBXBuildFile; fileRef = A5B229CE1F8441E8009FF359 /* Chess.xcdatamodeld */; };
		A5B229D21F8441E8009FF359 /* Assets.xcassets in Resources */ = {isa = PBXBuildFile; fileRef = A5B229D11F8441E8009FF359 /* Assets.xcassets */; };
		A5B229D51F8441E8009FF359 /* LaunchScreen.storyboard in Resources */ = {isa = PBXBuildFile; fileRef = A5B229D31F8441E8009FF359 /* LaunchScreen.storyboard */; };
		A5B229DF1F844241009FF359 /* Background1.png in Resources */ = {isa = PBXBuildFile; fileRef = A5B229DE1F844241009FF359 /* Background1.png */; };
		A5B229E11F844244009FF359 /* Background2.png in Resources */ = {isa = PBXBuildFile; fileRef = A5B229E01F844244009FF359 /* Background2.png */; };
		A5B229E31F84424C009FF359 /* Background3.png in Resources */ = {isa = PBXBuildFile; fileRef = A5B229E21F84424C009FF359 /* Background3.png */; };
		A5B229E51F8444E7009FF359 /* Halo.mp3 in Resources */ = {isa = PBXBuildFile; fileRef = A5B229E41F8444E7009FF359 /* Halo.mp3 */; };
/* End PBXBuildFile section */

/* Begin PBXFileReference section */
		A5B229C41F8441E8009FF359 /* Chess.app */ = {isa = PBXFileReference; explicitFileType = wrapper.application; includeInIndex = 0; path = Chess.app; sourceTree = BUILT_PRODUCTS_DIR; };
		A5B229C71F8441E8009FF359 /* AppDelegate.swift */ = {isa = PBXFileReference; lastKnownFileType = sourcecode.swift; path = AppDelegate.swift; sourceTree = "<group>"; };
		A5B229C91F8441E8009FF359 /* ViewController.swift */ = {isa = PBXFileReference; lastKnownFileType = sourcecode.swift; path = ViewController.swift; sourceTree = "<group>"; };
		A5B229CC1F8441E8009FF359 /* Base */ = {isa = PBXFileReference; lastKnownFileType = file.storyboard; name = Base; path = Base.lproj/Main.storyboard; sourceTree = "<group>"; };
		A5B229CF1F8441E8009FF359 /* Chess.xcdatamodel */ = {isa = PBXFileReference; lastKnownFileType = wrapper.xcdatamodel; path = Chess.xcdatamodel; sourceTree = "<group>"; };
		A5B229D11F8441E8009FF359 /* Assets.xcassets */ = {isa = PBXFileReference; lastKnownFileType = folder.assetcatalog; path = Assets.xcassets; sourceTree = "<group>"; };
		A5B229D41F8441E8009FF359 /* Base */ = {isa = PBXFileReference; lastKnownFileType = file.storyboard; name = Base; path = Base.lproj/LaunchScreen.storyboard; sourceTree = "<group>"; };
		A5B229D61F8441E8009FF359 /* Info.plist */ = {isa = PBXFileReference; lastKnownFileType = text.plist.xml; path = Info.plist; sourceTree = "<group>"; };
		A5B229DE1F844241009FF359 /* Background1.png */ = {isa = PBXFileReference; lastKnownFileType = image.png; path = Background1.png; sourceTree = "<group>"; };
		A5B229E01F844244009FF359 /* Background2.png */ = {isa = PBXFileReference; lastKnownFileType = image.png; path = Background2.png; sourceTree = "<group>"; };
		A5B229E21F84424C009FF359 /* Background3.png */ = {isa = PBXFileReference; lastKnownFileType = image.png; path = Background3.png; sourceTree = "<group>"; };
		A5B229E41F8444E7009FF359 /* Halo.mp3 */ = {isa = PBXFileReference; lastKnownFileType = audio.mp3; path = Halo.mp3; sourceTree = "<group>"; };
/* End PBXFileReference section */

/* Begin PBXFrameworksBuildPhase section */
		A5B229C11F8441E8009FF359 /* Frameworks */ = {
			isa = PBXFrameworksBuildPhase;
			buildActionMask = 2147483647;
			files = (
			);
			runOnlyForDeploymentPostprocessing = 0;
		};
/* End PBXFrameworksBuildPhase section */

/* Begin PBXGroup section */
		A5B229BB1F8441E8009FF359 = {
			isa = PBXGroup;
			children = (
				A5B229C61F8441E8009FF359 /* Chess */,
				A5B229C51F8441E8009FF359 /* Products */,
				A5B229DE1F844241009FF359 /* Background1.png */,
				A5B229E01F844244009FF359 /* Background2.png */,
				A5B229E21F84424C009FF359 /* Background3.png */,
				A5B229E41F8444E7009FF359 /* Halo.mp3 */,
			);
			sourceTree = "<group>";
		};
		A5B229C51F8441E8009FF359 /* Products */ = {
			isa = PBXGroup;
			children = (
				A5B229C41F8441E8009FF359 /* Chess.app */,
			);
			name = Products;
			sourceTree = "<group>";
		};
		A5B229C61F8441E8009FF359 /* Chess */ = {
			isa = PBXGroup;
			children = (
				A5B229C71F8441E8009FF359 /* AppDelegate.swift */,
				A5B229C91F8441E8009FF359 /* ViewController.swift */,
				A5B229CB1F8441E8009FF359 /* Main.storyboard */,
				A5B229D11F8441E8009FF359 /* Assets.xcassets */,
				A5B229D31F8441E8009FF359 /* LaunchScreen.storyboard */,
				A5B229D61F8441E8009FF359 /* Info.plist */,
				A5B229CE1F8441E8009FF359 /* Chess.xcdatamodeld */,
			);
			path = Chess;
			sourceTree = "<group>";
		};
/* End PBXGroup section */

/* Begin PBXNativeTarget section */
		A5B229C31F8441E8009FF359 /* Chess */ = {
			isa = PBXNativeTarget;
			buildConfigurationList = A5B229D91F8441E8009FF359 /* Build configuration list for PBXNativeTarget "Chess" */;
			buildPhases = (
				A5B229C01F8441E8009FF359 /* Sources */,
				A5B229C11F8441E8009FF359 /* Frameworks */,
				A5B229C21F8441E8009FF359 /* Resources */,
			);
			buildRules = (
			);
			dependencies = (
			);
			name = Chess;
			productName = Chess;
			productReference = A5B229C41F8441E8009FF359 /* Chess.app */;
			productType = "com.apple.product-type.application";
		};
/* End PBXNativeTarget section */

/* Begin PBXProject section */
		A5B229BC1F8441E8009FF359 /* Project object */ = {
			isa = PBXProject;
			attributes = {
				LastSwiftUpdateCheck = 0820;
				LastUpgradeCheck = 0820;
				ORGANIZATIONNAME = "Kousei Richeson";
				TargetAttributes = {
					A5B229C31F8441E8009FF359 = {
						CreatedOnToolsVersion = 8.2;
						DevelopmentTeam = SA9EY248Y9;
						ProvisioningStyle = Automatic;
					};
				};
			};
			buildConfigurationList = A5B229BF1F8441E8009FF359 /* Build configuration list for PBXProject "Chess" */;
			compatibilityVersion = "Xcode 3.2";
			developmentRegion = English;
			hasScannedForEncodings = 0;
			knownRegions = (
				en,
				Base,
			);
			mainGroup = A5B229BB1F8441E8009FF359;
			productRefGroup = A5B229C51F8441E8009FF359 /* Products */;
			projectDirPath = "";
			projectRoot = "";
			targets = (
				A5B229C31F8441E8009FF359 /* Chess */,
			);
		};
/* End PBXProject section */

/* Begin PBXResourcesBuildPhase section */
		A5B229C21F8441E8009FF359 /* Resources */ = {
			isa = PBXResourcesBuildPhase;
			buildActionMask = 2147483647;
			files = (
				A5B229D51F8441E8009FF359 /* LaunchScreen.storyboard in Resources */,
				A5B229E51F8444E7009FF359 /* Halo.mp3 in Resources */,
				A5B229D21F8441E8009FF359 /* Assets.xcassets in Resources */,
				A5B229CD1F8441E8009FF359 /* Main.storyboard in Resources */,
				A5B229E31F84424C009FF359 /* Background3.png in Resources */,
				A5B229E11F844244009FF359 /* Background2.png in Resources */,
				A5B229DF1F844241009FF359 /* Background1.png in Resources */,
			);
			runOnlyForDeploymentPostprocessing = 0;
		};
/* End PBXResourcesBuildPhase section */

/* Begin PBXSourcesBuildPhase section */
		A5B229C01F8441E8009FF359 /* Sources */ = {
			isa = PBXSourcesBuildPhase;
			buildActionMask = 2147483647;
			files = (
				A5B229CA1F8441E8009FF359 /* ViewController.swift in Sources */,
				A5B229D01F8441E8009FF359 /* Chess.xcdatamodeld in Sources */,
				A5B229C81F8441E8009FF359 /* AppDelegate.swift in Sources */,
			);
			runOnlyForDeploymentPostprocessing = 0;
		};
/* End PBXSourcesBuildPhase section */

/* Begin PBXVariantGroup section */
		A5B229CB1F8441E8009FF359 /* Main.storyboard */ = {
			isa = PBXVariantGroup;
			children = (
				A5B229CC1F8441E8009FF359 /* Base */,
			);
			name = Main.storyboard;
			sourceTree = "<group>";
		};
		A5B229D31F8441E8009FF359 /* LaunchScreen.storyboard */ = {
			isa = PBXVariantGroup;
			children = (
				A5B229D41F8441E8009FF359 /* Base */,
			);
			name = LaunchScreen.storyboard;
			sourceTree = "<group>";
		};
/* End PBXVariantGroup section */

/* Begin XCBuildConfiguration section */
		A5B229D71F8441E8009FF359 /* Debug */ = {
			isa = XCBuildConfiguration;
			buildSettings = {
				ALWAYS_SEARCH_USER_PATHS = NO;
				CLANG_ANALYZER_NONNULL = YES;
				CLANG_CXX_LANGUAGE_STANDARD = "gnu++0x";
				CLANG_CXX_LIBRARY = "libc++";
				CLANG_ENABLE_MODULES = YES;
				CLANG_ENABLE_OBJC_ARC = YES;
				CLANG_WARN_BOOL_CONVERSION = YES;
				CLANG_WARN_CONSTANT_CONVERSION = YES;
				CLANG_WARN_DIRECT_OBJC_ISA_USAGE = YES_ERROR;
				CLANG_WARN_DOCUMENTATION_COMMENTS = YES;
				CLANG_WARN_EMPTY_BODY = YES;
				CLANG_WARN_ENUM_CONVERSION = YES;
				CLANG_WARN_INFINITE_RECURSION = YES;
				CLANG_WARN_INT_CONVERSION = YES;
				CLANG_WARN_OBJC_ROOT_CLASS = YES_ERROR;
				CLANG_WARN_SUSPICIOUS_MOVE = YES;
				CLANG_WARN_UNREACHABLE_CODE = YES;
				CLANG_WARN__DUPLICATE_METHOD_MATCH = YES;
				"CODE_SIGN_IDENTITY[sdk=iphoneos*]" = "iPhone Developer";
				COPY_PHASE_STRIP = NO;
				DEBUG_INFORMATION_FORMAT = dwarf;
				ENABLE_STRICT_OBJC_MSGSEND = YES;
				ENABLE_TESTABILITY = YES;
				GCC_C_LANGUAGE_STANDARD = gnu99;
				GCC_DYNAMIC_NO_PIC = NO;
				GCC_NO_COMMON_BLOCKS = YES;
				GCC_OPTIMIZATION_LEVEL = 0;
				GCC_PREPROCESSOR_DEFINITIONS = (
					"DEBUG=1",
					"$(inherited)",
				);
				GCC_WARN_64_TO_32_BIT_CONVERSION = YES;
				GCC_WARN_ABOUT_RETURN_TYPE = YES_ERROR;
				GCC_WARN_UNDECLARED_SELECTOR = YES;
				GCC_WARN_UNINITIALIZED_AUTOS = YES_AGGRESSIVE;
				GCC_WARN_UNUSED_FUNCTION = YES;
				GCC_WARN_UNUSED_VARIABLE = YES;
				IPHONEOS_DEPLOYMENT_TARGET = 10.2;
				MTL_ENABLE_DEBUG_INFO = YES;
				ONLY_ACTIVE_ARCH = YES;
				SDKROOT = iphoneos;
				SWIFT_ACTIVE_COMPILATION_CONDITIONS = DEBUG;
				SWIFT_OPTIMIZATION_LEVEL = "-Onone";
			};
			name = Debug;
		};
		A5B229D81F8441E8009FF359 /* Release */ = {
			isa = XCBuildConfiguration;
			buildSettings = {
				ALWAYS_SEARCH_USER_PATHS = NO;
				CLANG_ANALYZER_NONNULL = YES;
				CLANG_CXX_LANGUAGE_STANDARD = "gnu++0x";
				CLANG_CXX_LIBRARY = "libc++";
				CLANG_ENABLE_MODULES = YES;
				CLANG_ENABLE_OBJC_ARC = YES;
				CLANG_WARN_BOOL_CONVERSION = YES;
				CLANG_WARN_CONSTANT_CONVERSION = YES;
				CLANG_WARN_DIRECT_OBJC_ISA_USAGE = YES_ERROR;
				CLANG_WARN_DOCUMENTATION_COMMENTS = YES;
				CLANG_WARN_EMPTY_BODY = YES;
				CLANG_WARN_ENUM_CONVERSION = YES;
				CLANG_WARN_INFINITE_RECURSION = YES;
				CLANG_WARN_INT_CONVERSION = YES;
				CLANG_WARN_OBJC_ROOT_CLASS = YES_ERROR;
				CLANG_WARN_SUSPICIOUS_MOVE = YES;
				CLANG_WARN_UNREACHABLE_CODE = YES;
				CLANG_WARN__DUPLICATE_METHOD_MATCH = YES;
				"CODE_SIGN_IDENTITY[sdk=iphoneos*]" = "iPhone Developer";
				COPY_PHASE_STRIP = NO;
				DEBUG_INFORMATION_FORMAT = "dwarf-with-dsym";
				ENABLE_NS_ASSERTIONS = NO;
				ENABLE_STRICT_OBJC_MSGSEND = YES;
				GCC_C_LANGUAGE_STANDARD = gnu99;
				GCC_NO_COMMON_BLOCKS = YES;
				GCC_WARN_64_TO_32_BIT_CONVERSION = YES;
				GCC_WARN_ABOUT_RETURN_TYPE = YES_ERROR;
				GCC_WARN_UNDECLARED_SELECTOR = YES;
				GCC_WARN_UNINITIALIZED_AUTOS = YES_AGGRESSIVE;
				GCC_WARN_UNUSED_FUNCTION = YES;
				GCC_WARN_UNUSED_VARIABLE = YES;
				IPHONEOS_DEPLOYMENT_TARGET = 10.2;
				MTL_ENABLE_DEBUG_INFO = NO;
				SDKROOT = iphoneos;
				SWIFT_OPTIMIZATION_LEVEL = "-Owholemodule";
				VALIDATE_PRODUCT = YES;
			};
			name = Release;
		};
		A5B229DA1F8441E8009FF359 /* Debug */ = {
			isa = XCBuildConfiguration;
			buildSettings = {
				ASSETCATALOG_COMPILER_APPICON_NAME = AppIcon;
				DEVELOPMENT_TEAM = SA9EY248Y9;
				INFOPLIST_FILE = Chess/Info.plist;
				LD_RUNPATH_SEARCH_PATHS = "$(inherited) @executable_path/Frameworks";
				PRODUCT_BUNDLE_IDENTIFIER = "com.Kousei-Richeson.Chess";
				PRODUCT_NAME = "$(TARGET_NAME)";
				SWIFT_VERSION = 3.0;
			};
			name = Debug;
		};
		A5B229DB1F8441E8009FF359 /* Release */ = {
			isa = XCBuildConfiguration;
			buildSettings = {
				ASSETCATALOG_COMPILER_APPICON_NAME = AppIcon;
				DEVELOPMENT_TEAM = SA9EY248Y9;
				INFOPLIST_FILE = Chess/Info.plist;
				LD_RUNPATH_SEARCH_PATHS = "$(inherited) @executable_path/Frameworks";
				PRODUCT_BUNDLE_IDENTIFIER = "com.Kousei-Richeson.Chess";
				PRODUCT_NAME = "$(TARGET_NAME)";
				SWIFT_VERSION = 3.0;
			};
			name = Release;
		};
/* End XCBuildConfiguration section */

/* Begin XCConfigurationList section */
		A5B229BF1F8441E8009FF359 /* Build configuration list for PBXProject "Chess" */ = {
			isa = XCConfigurationList;
			buildConfigurations = (
				A5B229D71F8441E8009FF359 /* Debug */,
				A5B229D81F8441E8009FF359 /* Release */,
			);
			defaultConfigurationIsVisible = 0;
			defaultConfigurationName = Release;
		};
		A5B229D91F8441E8009FF359 /* Build configuration list for PBXNativeTarget "Chess" */ = {
			isa = XCConfigurationList;
			buildConfigurations = (
				A5B229DA1F8441E8009FF359 /* Debug */,
				A5B229DB1F8441E8009FF359 /* Release */,
			);
			defaultConfigurationIsVisible = 0;
		};
/* End XCConfigurationList section */

/* Begin XCVersionGroup section */
		A5B229CE1F8441E8009FF359 /* Chess.xcdatamodeld */ = {
			isa = XCVersionGroup;
			children = (
				A5B229CF1F8441E8009FF359 /* Chess.xcdatamodel */,
			);
			currentVersion = A5B229CF1F8441E8009FF359 /* Chess.xcdatamodel */;
			path = Chess.xcdatamodeld;
			sourceTree = "<group>";
			versionGroupType = wrapper.xcdatamodel;
		};
/* End XCVersionGroup section */
	};
	rootObject = A5B229BC1F8441E8009FF359 /* Project object */;
}
